# @generated - this file is auto-generated by `mise lock` https://mise.jdx.dev/dev-tools/mise-lock.html

[[tools."github:anthropics/claude-code"]]
version = "2.1.283"
backend = "github:anthropics/claude-code"

[tools."github:anthropics/claude-code"."platforms.linux-arm64"]
checksum = "sha256:a2e7d497d40041d7eca8f8fd1d77405a6501ff8b1a61fa02a0e95c458824a43e"
url = "https://github.com/anthropics/claude-code/releases/download/v2.1.283/claude-linux-arm64.tar.gz"
url_api = "https://api.github.com/repos/anthropics/claude-code/releases/assets/588996729"
provenance = "github-attestations"

[tools."github:anthropics/claude-code"."platforms.linux-arm64-musl"]
checksum = "sha256:ba6ff89dcb95bc90a7ac2141721aa5d41022150fb3849a0a214590625093d7d1"
url = "https://github.com/anthropics/claude-code/releases/download/v2.1.283/claude-linux-arm64-musl.tar.gz"
url_api = "https://api.github.com/repos/anthropics/claude-code/releases/assets/588996725"
provenance = "github-attestations"

[tools."github:anthropics/claude-code"."platforms.linux-x64"]
checksum = "sha256:db404a91bec8baffb53463166fdc8bf579208a527d60afc2d984d7507dc0c2f9"
url = "https://github.com/anthropics/claude-code/releases/download/v2.1.283/claude-linux-x64.tar.gz"
url_api = "https://api.github.com/repos/anthropics/claude-code/releases/assets/588996841"
provenance = "github-attestations"

[tools."github:anthropics/claude-code"."platforms.linux-x64-musl"]
checksum = "sha256:a15038f550b277179b03c807bc5684d462d1b4bd3f0ec0895d290d5c6c6b4261"
url = "https://github.com/anthropics/claude-code/releases/download/v2.1.283/claude-linux-x64-musl.tar.gz"
url_api = "https://api.github.com/repos/anthropics/claude-code/releases/assets/588996727"
provenance = "github-attestations"

[tools."github:anthropics/claude-code"."platforms.macos-arm64"]
checksum = "sha256:033f733e135ecd00aeec18ea8990a87a0fd8be220b20548353fd025351a0a9b3"
url = "https://github.com/anthropics/claude-code/releases/download/v2.1.283/claude-darwin-arm64.tar.gz"
url_api = "https://api.github.com/repos/anthropics/claude-code/releases/assets/588996726"
provenance = "github-attestations"

[tools."github:anthropics/claude-code"."platforms.macos-x64"]
checksum = "sha256:ac07dcae42aa355bb6915c5e429d29ad2a797e1ab309527eebef3bfd20b39c79"
url = "https://github.com/anthropics/claude-code/releases/download/v2.1.283/claude-darwin-x64.tar.gz"
url_api = "https://api.github.com/repos/anthropics/claude-code/releases/assets/588996736"
provenance = "github-attestations"

[tools."github:anthropics/claude-code"."platforms.windows-x64"]
checksum = "sha256:07c23b91ee6596914d683ed8bd97b4ed2c002ae5f997859cf4b8d11d7b62fb9c"
url = "https://github.com/anthropics/claude-code/releases/download/v2.1.283/claude-win32-x64.zip"
url_api = "https://api.github.com/repos/anthropics/claude-code/releases/assets/588996871"
provenance = "github-attestations"

[[tools."github:bitwise-media-group/evolve"]]
version = "0.8.1"
backend = "github:bitwise-media-group/evolve"

[tools."github:bitwise-media-group/evolve"."platforms.linux-arm64"]
checksum = "sha256:6efbf255fb54c423de8123666443c87f300c03c9a978ca87485ac9099c7673d3"
url = "https://github.com/bitwise-media-group/evolve/releases/download/v0.8.1/evolve_0.8.1_linux_arm64.tar.gz"
url_api = "https://api.github.com/repos/bitwise-media-group/evolve/releases/assets/530604167"
provenance = "github-attestations"

[tools."github:bitwise-media-group/evolve"."platforms.linux-arm64-musl"]
checksum = "sha256:6efbf255fb54c423de8123666443c87f300c03c9a978ca87485ac9099c7673d3"
url = "https://github.com/bitwise-media-group/evolve/releases/download/v0.8.1/evolve_0.8.1_linux_arm64.tar.gz"
url_api = "https://api.github.com/repos/bitwise-media-group/evolve/releases/assets/530604167"
provenance = "github-attestations"

[tools."github:bitwise-media-group/evolve"."platforms.linux-x64"]
checksum = "sha256:bc5a9420e49b388763e1fa76425dd68563106eab7bbb5f48261e16b7dec34cce"
url = "https://github.com/bitwise-media-group/evolve/releases/download/v0.8.1/evolve_0.8.1_linux_amd64.tar.gz"
url_api = "https://api.github.com/repos/bitwise-media-group/evolve/releases/assets/530604166"
provenance = "github-attestations"
provenance_verified = true

[tools."github:bitwise-media-group/evolve"."platforms.linux-x64-musl"]
checksum = "sha256:bc5a9420e49b388763e1fa76425dd68563106eab7bbb5f48261e16b7dec34cce"
url = "https://github.com/bitwise-media-group/evolve/releases/download/v0.8.1/evolve_0.8.1_linux_amd64.tar.gz"
url_api = "https://api.github.com/repos/bitwise-media-group/evolve/releases/assets/530604166"
provenance = "github-attestations"

[tools."github:bitwise-media-group/evolve"."platforms.macos-arm64"]
checksum = "sha256:8bb819c52fd98c03129be2caa31876ca9067c4584679815b8a127560c1498cd2"
url = "https://github.com/bitwise-media-group/evolve/releases/download/v0.8.1/evolve_0.8.1_darwin_arm64.tar.gz"
url_api = "https://api.github.com/repos/bitwise-media-group/evolve/releases/assets/530604156"
provenance = "github-attestations"

[tools."github:bitwise-media-group/evolve"."platforms.macos-x64"]
checksum = "sha256:9a36444f77ac04e2f1d2e0d13d2d382772bc4be64479e7cda83254042ba8c67b"
url = "https://github.com/bitwise-media-group/evolve/releases/download/v0.8.1/evolve_0.8.1_darwin_amd64.tar.gz"
url_api = "https://api.github.com/repos/bitwise-media-group/evolve/releases/assets/530604164"
provenance = "github-attestations"

[tools."github:bitwise-media-group/evolve"."platforms.windows-x64"]
checksum = "sha256:c3000f4eb3e107e8ddd281b2238f10b0417cb4fd0fe3c10660462e8118206c8d"
url = "https://github.com/bitwise-media-group/evolve/releases/download/v0.8.1/evolve_0.8.1_windows_amd64.zip"
url_api = "https://api.github.com/repos/bitwise-media-group/evolve/releases/assets/530604170"
provenance = "github-attestations"
