# @generated - this file is auto-generated by `mise lock` https://mise.jdx.dev/dev-tools/mise-lock.html

[[tools."github:anthropics/claude-code"]]
version = "2.1.239"
backend = "github:anthropics/claude-code"

[tools."github:anthropics/claude-code"."platforms.linux-arm64"]
checksum = "sha256:a52a69daa1db8814351fc2135d37ad236b10706bbdd33c7085f0f3bbc562c4fb"
url = "https://github.com/anthropics/claude-code/releases/download/v2.1.239/claude-linux-arm64.tar.gz"
url_api = "https://api.github.com/repos/anthropics/claude-code/releases/assets/524023912"

[tools."github:anthropics/claude-code"."platforms.linux-arm64-musl"]
checksum = "sha256:dc742f9346c1e0cdab3bbdc1bce6989e89dbe2db320f16969616986967adc8ff"
url = "https://github.com/anthropics/claude-code/releases/download/v2.1.239/claude-linux-arm64-musl.tar.gz"
url_api = "https://api.github.com/repos/anthropics/claude-code/releases/assets/524023915"

[tools."github:anthropics/claude-code"."platforms.linux-x64"]
checksum = "sha256:b3931fba48a309b241a39f997de9b13f5047c11f438c3f4e120e248e21dbef88"
url = "https://github.com/anthropics/claude-code/releases/download/v2.1.239/claude-linux-x64.tar.gz"
url_api = "https://api.github.com/repos/anthropics/claude-code/releases/assets/524023997"

[tools."github:anthropics/claude-code"."platforms.linux-x64-musl"]
checksum = "sha256:687eef5004b9fac7bd0db2e6d9422806b2e3f3f9ea1877e7e40d9e0619f9efcf"
url = "https://github.com/anthropics/claude-code/releases/download/v2.1.239/claude-linux-x64-musl.tar.gz"
url_api = "https://api.github.com/repos/anthropics/claude-code/releases/assets/524023918"

[tools."github:anthropics/claude-code"."platforms.macos-arm64"]
checksum = "sha256:11b0375d108137a5b408e97c7a9f5933362599a414572ac886d7b5e5f905ca1e"
url = "https://github.com/anthropics/claude-code/releases/download/v2.1.239/claude-darwin-arm64.tar.gz"
url_api = "https://api.github.com/repos/anthropics/claude-code/releases/assets/524023914"

[tools."github:anthropics/claude-code"."platforms.macos-x64"]
checksum = "sha256:cf3b9cd9fb1fabcb4d6cfe134c90f09e3727667cc486b30495f8573bc24cf036"
url = "https://github.com/anthropics/claude-code/releases/download/v2.1.239/claude-darwin-x64.tar.gz"
url_api = "https://api.github.com/repos/anthropics/claude-code/releases/assets/524023917"

[tools."github:anthropics/claude-code"."platforms.windows-x64"]
checksum = "sha256:440b616ef6d36ae9a343272738cdb33904fe864875a55540a234a86ff94ad499"
url = "https://github.com/anthropics/claude-code/releases/download/v2.1.239/claude-win32-x64.zip"
url_api = "https://api.github.com/repos/anthropics/claude-code/releases/assets/524024011"

[[tools."github:bitwise-media-group/evolve"]]
version = "0.7.0"
backend = "github:bitwise-media-group/evolve"

[tools."github:bitwise-media-group/evolve"."platforms.linux-arm64"]
checksum = "sha256:228bade1fe93132ac351452c504a2df4fcbb616a34f411c9cd8b8f949c36def7"
url = "https://github.com/bitwise-media-group/evolve/releases/download/v0.7.0/evolve_0.7.0_linux_arm64.tar.gz"
url_api = "https://api.github.com/repos/bitwise-media-group/evolve/releases/assets/513738919"
provenance = "github-attestations"

[tools."github:bitwise-media-group/evolve"."platforms.linux-arm64-musl"]
checksum = "sha256:228bade1fe93132ac351452c504a2df4fcbb616a34f411c9cd8b8f949c36def7"
url = "https://github.com/bitwise-media-group/evolve/releases/download/v0.7.0/evolve_0.7.0_linux_arm64.tar.gz"
url_api = "https://api.github.com/repos/bitwise-media-group/evolve/releases/assets/513738919"
provenance = "github-attestations"

[tools."github:bitwise-media-group/evolve"."platforms.linux-x64"]
checksum = "sha256:5e09122ea1ad2ad809e5d0f2c959da6c613a5e1d736a28fc0322c1510381b5be"
url = "https://github.com/bitwise-media-group/evolve/releases/download/v0.7.0/evolve_0.7.0_linux_amd64.tar.gz"
url_api = "https://api.github.com/repos/bitwise-media-group/evolve/releases/assets/513738922"
provenance = "github-attestations"
provenance_verified = true

[tools."github:bitwise-media-group/evolve"."platforms.linux-x64-musl"]
checksum = "sha256:5e09122ea1ad2ad809e5d0f2c959da6c613a5e1d736a28fc0322c1510381b5be"
url = "https://github.com/bitwise-media-group/evolve/releases/download/v0.7.0/evolve_0.7.0_linux_amd64.tar.gz"
url_api = "https://api.github.com/repos/bitwise-media-group/evolve/releases/assets/513738922"
provenance = "github-attestations"

[tools."github:bitwise-media-group/evolve"."platforms.macos-arm64"]
checksum = "sha256:cbd167f8122815c3fcab8cdacaac829bd7b2a9606e0ab76f24cd7b5d8ba3f72b"
url = "https://github.com/bitwise-media-group/evolve/releases/download/v0.7.0/evolve_0.7.0_darwin_arm64.tar.gz"
url_api = "https://api.github.com/repos/bitwise-media-group/evolve/releases/assets/513738916"
provenance = "github-attestations"
provenance_verified = true

[tools."github:bitwise-media-group/evolve"."platforms.macos-x64"]
checksum = "sha256:70d73f7e819bb7bc8e994eef32e904834d60a9f0627aa6cd2bfc2ef4f3572973"
url = "https://github.com/bitwise-media-group/evolve/releases/download/v0.7.0/evolve_0.7.0_darwin_amd64.tar.gz"
url_api = "https://api.github.com/repos/bitwise-media-group/evolve/releases/assets/513738921"
provenance = "github-attestations"

[tools."github:bitwise-media-group/evolve"."platforms.windows-x64"]
checksum = "sha256:fa7375d608379f173131a562775916b346ddf6e3ff5be7957a90259ceecfe26d"
url = "https://github.com/bitwise-media-group/evolve/releases/download/v0.7.0/evolve_0.7.0_windows_amd64.zip"
url_api = "https://api.github.com/repos/bitwise-media-group/evolve/releases/assets/513738918"
provenance = "github-attestations"
