# @generated - this file is auto-generated by `mise lock` https://mise.jdx.dev/dev-tools/mise-lock.html

[[tools."github:anthropics/claude-code"]]
version = "2.1.247"
backend = "github:anthropics/claude-code"

[tools."github:anthropics/claude-code"."platforms.linux-arm64"]
checksum = "sha256:4ef57315cff1d3cbfb2ef5e28f9e8560bafc76149b6798c227ec431f2e9018ad"
url = "https://github.com/anthropics/claude-code/releases/download/v2.1.247/claude-linux-arm64.tar.gz"
url_api = "https://api.github.com/repos/anthropics/claude-code/releases/assets/531137920"

[tools."github:anthropics/claude-code"."platforms.linux-arm64-musl"]
checksum = "sha256:cf0f31058173cbfa962a1aba1ac31d49975c87458b1514e258bc55c017fe7efe"
url = "https://github.com/anthropics/claude-code/releases/download/v2.1.247/claude-linux-arm64-musl.tar.gz"
url_api = "https://api.github.com/repos/anthropics/claude-code/releases/assets/531137919"

[tools."github:anthropics/claude-code"."platforms.linux-x64"]
checksum = "sha256:148632dc7eb82cc79e634e8decaa041f586f018d6e6e23648231986798737b15"
url = "https://github.com/anthropics/claude-code/releases/download/v2.1.247/claude-linux-x64.tar.gz"
url_api = "https://api.github.com/repos/anthropics/claude-code/releases/assets/531137989"

[tools."github:anthropics/claude-code"."platforms.linux-x64-musl"]
checksum = "sha256:c7d74dd6bc9dc6911ea0ac877c48839ee31a9a432c98ddc33403ad4d3a48a845"
url = "https://github.com/anthropics/claude-code/releases/download/v2.1.247/claude-linux-x64-musl.tar.gz"
url_api = "https://api.github.com/repos/anthropics/claude-code/releases/assets/531137922"

[tools."github:anthropics/claude-code"."platforms.macos-arm64"]
checksum = "sha256:77709dc499a57c3106831162fed02f7c520897bb061cfd1b4d06110f8ab871ce"
url = "https://github.com/anthropics/claude-code/releases/download/v2.1.247/claude-darwin-arm64.tar.gz"
url_api = "https://api.github.com/repos/anthropics/claude-code/releases/assets/531137921"

[tools."github:anthropics/claude-code"."platforms.macos-x64"]
checksum = "sha256:b51cf8ffdde4bd3f9ab3a4b9b1f1176ca3120c66a7a5fbccce6e5c88f0d9a049"
url = "https://github.com/anthropics/claude-code/releases/download/v2.1.247/claude-darwin-x64.tar.gz"
url_api = "https://api.github.com/repos/anthropics/claude-code/releases/assets/531137924"

[tools."github:anthropics/claude-code"."platforms.windows-x64"]
checksum = "sha256:fc4f2ff5bc4af613f92174a2b9051a52a9c2c557ab45796a248d6811044ef808"
url = "https://github.com/anthropics/claude-code/releases/download/v2.1.247/claude-win32-x64.zip"
url_api = "https://api.github.com/repos/anthropics/claude-code/releases/assets/531138005"

[[tools."github:bitwise-media-group/evolve"]]
version = "0.8.1"
backend = "github:bitwise-media-group/evolve"

[tools."github:bitwise-media-group/evolve"."platforms.linux-arm64"]
checksum = "sha256:6efbf255fb54c423de8123666443c87f300c03c9a978ca87485ac9099c7673d3"
url = "https://github.com/bitwise-media-group/evolve/releases/download/v0.8.1/evolve_0.8.1_linux_arm64.tar.gz"
url_api = "https://api.github.com/repos/bitwise-media-group/evolve/releases/assets/530604167"
provenance = "github-attestations"

[tools."github:bitwise-media-group/evolve"."platforms.linux-arm64-musl"]
checksum = "sha256:6efbf255fb54c423de8123666443c87f300c03c9a978ca87485ac9099c7673d3"
url = "https://github.com/bitwise-media-group/evolve/releases/download/v0.8.1/evolve_0.8.1_linux_arm64.tar.gz"
url_api = "https://api.github.com/repos/bitwise-media-group/evolve/releases/assets/530604167"
provenance = "github-attestations"

[tools."github:bitwise-media-group/evolve"."platforms.linux-x64"]
checksum = "sha256:bc5a9420e49b388763e1fa76425dd68563106eab7bbb5f48261e16b7dec34cce"
url = "https://github.com/bitwise-media-group/evolve/releases/download/v0.8.1/evolve_0.8.1_linux_amd64.tar.gz"
url_api = "https://api.github.com/repos/bitwise-media-group/evolve/releases/assets/530604166"
provenance = "github-attestations"
provenance_verified = true

[tools."github:bitwise-media-group/evolve"."platforms.linux-x64-musl"]
checksum = "sha256:bc5a9420e49b388763e1fa76425dd68563106eab7bbb5f48261e16b7dec34cce"
url = "https://github.com/bitwise-media-group/evolve/releases/download/v0.8.1/evolve_0.8.1_linux_amd64.tar.gz"
url_api = "https://api.github.com/repos/bitwise-media-group/evolve/releases/assets/530604166"
provenance = "github-attestations"

[tools."github:bitwise-media-group/evolve"."platforms.macos-arm64"]
checksum = "sha256:8bb819c52fd98c03129be2caa31876ca9067c4584679815b8a127560c1498cd2"
url = "https://github.com/bitwise-media-group/evolve/releases/download/v0.8.1/evolve_0.8.1_darwin_arm64.tar.gz"
url_api = "https://api.github.com/repos/bitwise-media-group/evolve/releases/assets/530604156"
provenance = "github-attestations"

[tools."github:bitwise-media-group/evolve"."platforms.macos-x64"]
checksum = "sha256:9a36444f77ac04e2f1d2e0d13d2d382772bc4be64479e7cda83254042ba8c67b"
url = "https://github.com/bitwise-media-group/evolve/releases/download/v0.8.1/evolve_0.8.1_darwin_amd64.tar.gz"
url_api = "https://api.github.com/repos/bitwise-media-group/evolve/releases/assets/530604164"
provenance = "github-attestations"

[tools."github:bitwise-media-group/evolve"."platforms.windows-x64"]
checksum = "sha256:c3000f4eb3e107e8ddd281b2238f10b0417cb4fd0fe3c10660462e8118206c8d"
url = "https://github.com/bitwise-media-group/evolve/releases/download/v0.8.1/evolve_0.8.1_windows_amd64.zip"
url_api = "https://api.github.com/repos/bitwise-media-group/evolve/releases/assets/530604170"
provenance = "github-attestations"
